
Microsoft Visual Studio Solution File, Format Version 12.00
# Visual Studio Version 16
VisualStudioVersion = 16.0.31613.86
MinimumVisualStudioVersion = 10.0.40219.1
Project("{9A19103F-16F7-4668-BE54-9A1E7A4F7556}") = "GrpcService", "GrpcService\GrpcService.csproj", "{86DE2EC7-BC37-447F-81CA-23D116F1CBE2}"
EndProject
Global
	GlobalSection(SolutionConfigurationPlatforms) = preSolution
		Debug|Any CPU = Debug|Any CPU
		Release|Any CPU = Release|Any CPU
	EndGlobalSection
	GlobalSection(ProjectConfigurationPlatforms) = postSolution
		{86DE2EC7-BC37-447F-81CA-23D116F1CBE2}.Debug|Any CPU.ActiveCfg = Debug|Any CPU
		{86DE2EC7-BC37-447F-81CA-23D116F1CBE2}.Debug|Any CPU.Build.0 = Debug|Any CPU
		{86DE2EC7-BC37-447F-81CA-23D116F1CBE2}.Release|Any CPU.ActiveCfg = Release|Any CPU
		{86DE2EC7-BC37-447F-81CA-23D116F1CBE2}.Release|Any CPU.Build.0 = Release|Any CPU
	EndGlobalSection
	GlobalSection(SolutionProperties) = preSolution
		HideSolutionNode = FALSE
	EndGlobalSection
	GlobalSection(ExtensibilityGlobals) = postSolution
		SolutionGuid = {0D52904C-3CBF-4E1D-9B8F-D6FB710C0919}
	EndGlobalSection
EndGlobal
